// !$*UTF8*$!
{
	archiveVersion = 1;
	classes = {
	};
	objectVersion = 50;
	objects = {

/* Begin PBXBuildFile section */
		FD974EF32511225D006383D6 /* AppDelegate.swift in Sources */ = {isa = PBXBuildFile; fileRef = FD974EF22511225D006383D6 /* AppDelegate.swift */; };
		FD974EF52511225D006383D6 /* SceneDelegate.swift in Sources */ = {isa = PBXBuildFile; fileRef = FD974EF42511225D006383D6 /* SceneDelegate.swift */; };
		FD974EF72511225D006383D6 /* ViewController.swift in Sources */ = {isa = PBXBuildFile; fileRef = FD974EF62511225D006383D6 /* ViewController.swift */; };
		FD974EFA2511225D006383D6 /* Main.storyboard in Resources */ = {isa = PBXBuildFile; fileRef = FD974EF82511225D006383D6 /* Main.storyboard */; };
		FD974EFD2511225D006383D6 /* RiversideIOS.xcdatamodeld in Sources */ = {isa = PBXBuildFile; fileRef = FD974EFB2511225D006383D6 /* RiversideIOS.xcdatamodeld */; };
		FD974EFF2511225E006383D6 /* Assets.xcassets in Resources */ = {isa = PBXBuildFile; fileRef = FD974EFE2511225E006383D6 /* Assets.xcassets */; };
		FD974F022511225E006383D6 /* LaunchScreen.storyboard in Resources */ = {isa = PBXBuildFile; fileRef = FD974F002511225E006383D6 /* LaunchScreen.storyboard */; };
		FD974F0D2511225F006383D6 /* RiversideIOSTests.swift in Sources */ = {isa = PBXBuildFile; fileRef = FD974F0C2511225F006383D6 /* RiversideIOSTests.swift */; };
		FD974F182511225F006383D6 /* RiversideIOSUITests.swift in Sources */ = {isa = PBXBuildFile; fileRef = FD974F172511225F006383D6 /* RiversideIOSUITests.swift */; };
		FD974F262511257F006383D6 /* QuizLandingViewController.swift in Sources */ = {isa = PBXBuildFile; fileRef = FD974F252511257F006383D6 /* QuizLandingViewController.swift */; };
		FD974F28251125CC006383D6 /* PhotoboothLandingViewController.swift in Sources */ = {isa = PBXBuildFile; fileRef = FD974F27251125CC006383D6 /* PhotoboothLandingViewController.swift */; };
		FD974F2A25113A00006383D6 /* QuizGameViewController.swift in Sources */ = {isa = PBXBuildFile; fileRef = FD974F2925113A00006383D6 /* QuizGameViewController.swift */; };
		FD974F2C25113CA5006383D6 /* PhotoboothGameViewController.swift in Sources */ = {isa = PBXBuildFile; fileRef = FD974F2B25113CA5006383D6 /* PhotoboothGameViewController.swift */; };
/* End PBXBuildFile section */

/* Begin PBXContainerItemProxy section */
		FD974F092511225F006383D6 /* PBXContainerItemProxy */ = {
			isa = PBXContainerItemProxy;
			containerPortal = FD974EE72511225D006383D6 /* Project object */;
			proxyType = 1;
			remoteGlobalIDString = FD974EEE2511225D006383D6;
			remoteInfo = RiversideIOS;
		};
		FD974F142511225F006383D6 /* PBXContainerItemProxy */ = {
			isa = PBXContainerItemProxy;
			containerPortal = FD974EE72511225D006383D6 /* Project object */;
			proxyType = 1;
			remoteGlobalIDString = FD974EEE2511225D006383D6;
			remoteInfo = RiversideIOS;
		};
/* End PBXContainerItemProxy section */

/* Begin PBXFileReference section */
		FD974EEF2511225D006383D6 /* RiversideIOS.app */ = {isa = PBXFileReference; explicitFileType = wrapper.application; includeInIndex = 0; path = RiversideIOS.app; sourceTree = BUILT_PRODUCTS_DIR; };
		FD974EF22511225D006383D6 /* AppDelegate.swift */ = {isa = PBXFileReference; lastKnownFileType = sourcecode.swift; path = AppDelegate.swift; sourceTree = "<group>"; };
		FD974EF42511225D006383D6 /* SceneDelegate.swift */ = {isa = PBXFileReference; lastKnownFileType = sourcecode.swift; path = SceneDelegate.swift; sourceTree = "<group>"; };
		FD974EF62511225D006383D6 /* ViewController.swift */ = {isa = PBXFileReference; lastKnownFileType = sourcecode.swift; path = ViewController.swift; sourceTree = "<group>"; };
		FD974EF92511225D006383D6 /* Base */ = {isa = PBXFileReference; lastKnownFileType = file.storyboard; name = Base; path = Base.lproj/Main.storyboard; sourceTree = "<group>"; };
		FD974EFC2511225D006383D6 /* RiversideIOS.xcdatamodel */ = {isa = PBXFileReference; lastKnownFileType = wrapper.xcdatamodel; path = RiversideIOS.xcdatamodel; sourceTree = "<group>"; };
		FD974EFE2511225E006383D6 /* Assets.xcassets */ = {isa = PBXFileReference; lastKnownFileType = folder.assetcatalog; path = Assets.xcassets; sourceTree = "<group>"; };
		FD974F012511225E006383D6 /* Base */ = {isa = PBXFileReference; lastKnownFileType = file.storyboard; name = Base; path = Base.lproj/LaunchScreen.storyboard; sourceTree = "<group>"; };
		FD974F032511225E006383D6 /* Info.plist */ = {isa = PBXFileReference; lastKnownFileType = text.plist.xml; path = Info.plist; sourceTree = "<group>"; };
		FD974F082511225F006383D6 /* RiversideIOSTests.xctest */ = {isa = PBXFileReference; explicitFileType = wrapper.cfbundle; includeInIndex = 0; path = RiversideIOSTests.xctest; sourceTree = BUILT_PRODUCTS_DIR; };
		FD974F0C2511225F006383D6 /* RiversideIOSTests.swift */ = {isa = PBXFileReference; lastKnownFileType = sourcecode.swift; path = RiversideIOSTests.swift; sourceTree = "<group>"; };
		FD974F0E2511225F006383D6 /* Info.plist */ = {isa = PBXFileReference; lastKnownFileType = text.plist.xml; path = Info.plist; sourceTree = "<group>"; };
		FD974F132511225F006383D6 /* RiversideIOSUITests.xctest */ = {isa = PBXFileReference; explicitFileType = wrapper.cfbundle; includeInIndex = 0; path = RiversideIOSUITests.xctest; sourceTree = BUILT_PRODUCTS_DIR; };
		FD974F172511225F006383D6 /* RiversideIOSUITests.swift */ = {isa = PBXFileReference; lastKnownFileType = sourcecode.swift; path = RiversideIOSUITests.swift; sourceTree = "<group>"; };
		FD974F192511225F006383D6 /* Info.plist */ = {isa = PBXFileReference; lastKnownFileType = text.plist.xml; path = Info.plist; sourceTree = "<group>"; };
		FD974F252511257F006383D6 /* QuizLandingViewController.swift */ = {isa = PBXFileReference; lastKnownFileType = sourcecode.swift; path = QuizLandingViewController.swift; sourceTree = "<group>"; };
		FD974F27251125CC006383D6 /* PhotoboothLandingViewController.swift */ = {isa = PBXFileReference; lastKnownFileType = sourcecode.swift; path = PhotoboothLandingViewController.swift; sourceTree = "<group>"; };
		FD974F2925113A00006383D6 /* QuizGameViewController.swift */ = {isa = PBXFileReference; lastKnownFileType = sourcecode.swift; path = QuizGameViewController.swift; sourceTree = "<group>"; };
		FD974F2B25113CA5006383D6 /* PhotoboothGameViewController.swift */ = {isa = PBXFileReference; lastKnownFileType = sourcecode.swift; path = PhotoboothGameViewController.swift; sourceTree = "<group>"; };
/* End PBXFileReference section */

/* Begin PBXFrameworksBuildPhase section */
		FD974EEC2511225D006383D6 /* Frameworks */ = {
			isa = PBXFrameworksBuildPhase;
			buildActionMask = 2147483647;
			files = (
			);
			runOnlyForDeploymentPostprocessing = 0;
		};
		FD974F052511225F006383D6 /* Frameworks */ = {
			isa = PBXFrameworksBuildPhase;
			buildActionMask = 2147483647;
			files = (
			);
			runOnlyForDeploymentPostprocessing = 0;
		};
		FD974F102511225F006383D6 /* Frameworks */ = {
			isa = PBXFrameworksBuildPhase;
			buildActionMask = 2147483647;
			files = (
			);
			runOnlyForDeploymentPostprocessing = 0;
		};
/* End PBXFrameworksBuildPhase section */

/* Begin PBXGroup section */
		FD974EE62511225D006383D6 = {
			isa = PBXGroup;
			children = (
				FD974EF12511225D006383D6 /* RiversideIOS */,
				FD974F0B2511225F006383D6 /* RiversideIOSTests */,
				FD974F162511225F006383D6 /* RiversideIOSUITests */,
				FD974EF02511225D006383D6 /* Products */,
			);
			sourceTree = "<group>";
		};
		FD974EF02511225D006383D6 /* Products */ = {
			isa = PBXGroup;
			children = (
				FD974EEF2511225D006383D6 /* RiversideIOS.app */,
				FD974F082511225F006383D6 /* RiversideIOSTests.xctest */,
				FD974F132511225F006383D6 /* RiversideIOSUITests.xctest */,
			);
			name = Products;
			sourceTree = "<group>";
		};
		FD974EF12511225D006383D6 /* RiversideIOS */ = {
			isa = PBXGroup;
			children = (
				FD974F032511225E006383D6 /* Info.plist */,
				FD974F2D25114BB5006383D6 /* View */,
				FD974F2E25114BCA006383D6 /* Controller */,
				FD974F2F25114C9A006383D6 /* SupportingFiles */,
			);
			path = RiversideIOS;
			sourceTree = "<group>";
		};
		FD974F0B2511225F006383D6 /* RiversideIOSTests */ = {
			isa = PBXGroup;
			children = (
				FD974F0C2511225F006383D6 /* RiversideIOSTests.swift */,
				FD974F0E2511225F006383D6 /* Info.plist */,
			);
			path = RiversideIOSTests;
			sourceTree = "<group>";
		};
		FD974F162511225F006383D6 /* RiversideIOSUITests */ = {
			isa = PBXGroup;
			children = (
				FD974F172511225F006383D6 /* RiversideIOSUITests.swift */,
				FD974F192511225F006383D6 /* Info.plist */,
			);
			path = RiversideIOSUITests;
			sourceTree = "<group>";
		};
		FD974F2D25114BB5006383D6 /* View */ = {
			isa = PBXGroup;
			children = (
				FD974EFE2511225E006383D6 /* Assets.xcassets */,
				FD974EF82511225D006383D6 /* Main.storyboard */,
			);
			path = View;
			sourceTree = "<group>";
		};
		FD974F2E25114BCA006383D6 /* Controller */ = {
			isa = PBXGroup;
			children = (
				FD974EF22511225D006383D6 /* AppDelegate.swift */,
				FD974EF42511225D006383D6 /* SceneDelegate.swift */,
				FD974F2925113A00006383D6 /* QuizGameViewController.swift */,
				FD974EF62511225D006383D6 /* ViewController.swift */,
				FD974F2B25113CA5006383D6 /* PhotoboothGameViewController.swift */,
				FD974F27251125CC006383D6 /* PhotoboothLandingViewController.swift */,
				FD974F252511257F006383D6 /* QuizLandingViewController.swift */,
			);
			path = Controller;
			sourceTree = "<group>";
		};
		FD974F2F25114C9A006383D6 /* SupportingFiles */ = {
			isa = PBXGroup;
			children = (
				FD974EFB2511225D006383D6 /* RiversideIOS.xcdatamodeld */,
				FD974F002511225E006383D6 /* LaunchScreen.storyboard */,
			);
			path = SupportingFiles;
			sourceTree = "<group>";
		};
/* End PBXGroup section */

/* Begin PBXNativeTarget section */
		FD974EEE2511225D006383D6 /* RiversideIOS */ = {
			isa = PBXNativeTarget;
			buildConfigurationList = FD974F1C2511225F006383D6 /* Build configuration list for PBXNativeTarget "RiversideIOS" */;
			buildPhases = (
				FD974EEB2511225D006383D6 /* Sources */,
				FD974EEC2511225D006383D6 /* Frameworks */,
				FD974EED2511225D006383D6 /* Resources */,
			);
			buildRules = (
			);
			dependencies = (
			);
			name = RiversideIOS;
			productName = RiversideIOS;
			productReference = FD974EEF2511225D006383D6 /* RiversideIOS.app */;
			productType = "com.apple.product-type.application";
		};
		FD974F072511225F006383D6 /* RiversideIOSTests */ = {
			isa = PBXNativeTarget;
			buildConfigurationList = FD974F1F2511225F006383D6 /* Build configuration list for PBXNativeTarget "RiversideIOSTests" */;
			buildPhases = (
				FD974F042511225F006383D6 /* Sources */,
				FD974F052511225F006383D6 /* Frameworks */,
				FD974F062511225F006383D6 /* Resources */,
			);
			buildRules = (
			);
			dependencies = (
				FD974F0A2511225F006383D6 /* PBXTargetDependency */,
			);
			name = RiversideIOSTests;
			productName = RiversideIOSTests;
			productReference = FD974F082511225F006383D6 /* RiversideIOSTests.xctest */;
			productType = "com.apple.product-type.bundle.unit-test";
		};
		FD974F122511225F006383D6 /* RiversideIOSUITests */ = {
			isa = PBXNativeTarget;
			buildConfigurationList = FD974F222511225F006383D6 /* Build configuration list for PBXNativeTarget "RiversideIOSUITests" */;
			buildPhases = (
				FD974F0F2511225F006383D6 /* Sources */,
				FD974F102511225F006383D6 /* Frameworks */,
				FD974F112511225F006383D6 /* Resources */,
			);
			buildRules = (
			);
			dependencies = (
				FD974F152511225F006383D6 /* PBXTargetDependency */,
			);
			name = RiversideIOSUITests;
			productName = RiversideIOSUITests;
			productReference = FD974F132511225F006383D6 /* RiversideIOSUITests.xctest */;
			productType = "com.apple.product-type.bundle.ui-testing";
		};
/* End PBXNativeTarget section */

/* Begin PBXProject section */
		FD974EE72511225D006383D6 /* Project object */ = {
			isa = PBXProject;
			attributes = {
				LastSwiftUpdateCheck = 1170;
				LastUpgradeCheck = 1170;
				ORGANIZATIONNAME = "Butler University EPICS";
				TargetAttributes = {
					FD974EEE2511225D006383D6 = {
						CreatedOnToolsVersion = 11.7;
					};
					FD974F072511225F006383D6 = {
						CreatedOnToolsVersion = 11.7;
						TestTargetID = FD974EEE2511225D006383D6;
					};
					FD974F122511225F006383D6 = {
						CreatedOnToolsVersion = 11.7;
						TestTargetID = FD974EEE2511225D006383D6;
					};
				};
			};
			buildConfigurationList = FD974EEA2511225D006383D6 /* Build configuration list for PBXProject "RiversideIOS" */;
			compatibilityVersion = "Xcode 9.3";
			developmentRegion = en;
			hasScannedForEncodings = 0;
			knownRegions = (
				en,
				Base,
			);
			mainGroup = FD974EE62511225D006383D6;
			productRefGroup = FD974EF02511225D006383D6 /* Products */;
			projectDirPath = "";
			projectRoot = "";
			targets = (
				FD974EEE2511225D006383D6 /* RiversideIOS */,
				FD974F072511225F006383D6 /* RiversideIOSTests */,
				FD974F122511225F006383D6 /* RiversideIOSUITests */,
			);
		};
/* End PBXProject section */

/* Begin PBXResourcesBuildPhase section */
		FD974EED2511225D006383D6 /* Resources */ = {
			isa = PBXResourcesBuildPhase;
			buildActionMask = 2147483647;
			files = (
				FD974F022511225E006383D6 /* LaunchScreen.storyboard in Resources */,
				FD974EFF2511225E006383D6 /* Assets.xcassets in Resources */,
				FD974EFA2511225D006383D6 /* Main.storyboard in Resources */,
			);
			runOnlyForDeploymentPostprocessing = 0;
		};
		FD974F062511225F006383D6 /* Resources */ = {
			isa = PBXResourcesBuildPhase;
			buildActionMask = 2147483647;
			files = (
			);
			runOnlyForDeploymentPostprocessing = 0;
		};
		FD974F112511225F006383D6 /* Resources */ = {
			isa = PBXResourcesBuildPhase;
			buildActionMask = 2147483647;
			files = (
			);
			runOnlyForDeploymentPostprocessing = 0;
		};
/* End PBXResourcesBuildPhase section */

/* Begin PBXSourcesBuildPhase section */
		FD974EEB2511225D006383D6 /* Sources */ = {
			isa = PBXSourcesBuildPhase;
			buildActionMask = 2147483647;
			files = (
				FD974EF72511225D006383D6 /* ViewController.swift in Sources */,
				FD974F2A25113A00006383D6 /* QuizGameViewController.swift in Sources */,
				FD974F262511257F006383D6 /* QuizLandingViewController.swift in Sources */,
				FD974EFD2511225D006383D6 /* RiversideIOS.xcdatamodeld in Sources */,
				FD974F2C25113CA5006383D6 /* PhotoboothGameViewController.swift in Sources */,
				FD974EF32511225D006383D6 /* AppDelegate.swift in Sources */,
				FD974F28251125CC006383D6 /* PhotoboothLandingViewController.swift in Sources */,
				FD974EF52511225D006383D6 /* SceneDelegate.swift in Sources */,
			);
			runOnlyForDeploymentPostprocessing = 0;
		};
		FD974F042511225F006383D6 /* Sources */ = {
			isa = PBXSourcesBuildPhase;
			buildActionMask = 2147483647;
			files = (
				FD974F0D2511225F006383D6 /* RiversideIOSTests.swift in Sources */,
			);
			runOnlyForDeploymentPostprocessing = 0;
		};
		FD974F0F2511225F006383D6 /* Sources */ = {
			isa = PBXSourcesBuildPhase;
			buildActionMask = 2147483647;
			files = (
				FD974F182511225F006383D6 /* RiversideIOSUITests.swift in Sources */,
			);
			runOnlyForDeploymentPostprocessing = 0;
		};
/* End PBXSourcesBuildPhase section */

/* Begin PBXTargetDependency section */
		FD974F0A2511225F006383D6 /* PBXTargetDependency */ = {
			isa = PBXTargetDependency;
			target = FD974EEE2511225D006383D6 /* RiversideIOS */;
			targetProxy = FD974F092511225F006383D6 /* PBXContainerItemProxy */;
		};
		FD974F152511225F006383D6 /* PBXTargetDependency */ = {
			isa = PBXTargetDependency;
			target = FD974EEE2511225D006383D6 /* RiversideIOS */;
			targetProxy = FD974F142511225F006383D6 /* PBXContainerItemProxy */;
		};
/* End PBXTargetDependency section */

/* Begin PBXVariantGroup section */
		FD974EF82511225D006383D6 /* Main.storyboard */ = {
			isa = PBXVariantGroup;
			children = (
				FD974EF92511225D006383D6 /* Base */,
			);
			name = Main.storyboard;
			sourceTree = "<group>";
		};
		FD974F002511225E006383D6 /* LaunchScreen.storyboard */ = {
			isa = PBXVariantGroup;
			children = (
				FD974F012511225E006383D6 /* Base */,
			);
			name = LaunchScreen.storyboard;
			sourceTree = "<group>";
		};
/* End PBXVariantGroup section */

/* Begin XCBuildConfiguration section */
		FD974F1A2511225F006383D6 /* Debug */ = {
			isa = XCBuildConfiguration;
			buildSettings = {
				ALWAYS_SEARCH_USER_PATHS = NO;
				CLANG_ANALYZER_NONNULL = YES;
				CLANG_ANALYZER_NUMBER_OBJECT_CONVERSION = YES_AGGRESSIVE;
				CLANG_CXX_LANGUAGE_STANDARD = "gnu++14";
				CLANG_CXX_LIBRARY = "libc++";
				CLANG_ENABLE_MODULES = YES;
				CLANG_ENABLE_OBJC_ARC = YES;
				CLANG_ENABLE_OBJC_WEAK = YES;
				CLANG_WARN_BLOCK_CAPTURE_AUTORELEASING = YES;
				CLANG_WARN_BOOL_CONVERSION = YES;
				CLANG_WARN_COMMA = YES;
				CLANG_WARN_CONSTANT_CONVERSION = YES;
				CLANG_WARN_DEPRECATED_OBJC_IMPLEMENTATIONS = YES;
				CLANG_WARN_DIRECT_OBJC_ISA_USAGE = YES_ERROR;
				CLANG_WARN_DOCUMENTATION_COMMENTS = YES;
				CLANG_WARN_EMPTY_BODY = YES;
				CLANG_WARN_ENUM_CONVERSION = YES;
				CLANG_WARN_INFINITE_RECURSION = YES;
				CLANG_WARN_INT_CONVERSION = YES;
				CLANG_WARN_NON_LITERAL_NULL_CONVERSION = YES;
				CLANG_WARN_OBJC_IMPLICIT_RETAIN_SELF = YES;
				CLANG_WARN_OBJC_LITERAL_CONVERSION = YES;
				CLANG_WARN_OBJC_ROOT_CLASS = YES_ERROR;
				CLANG_WARN_RANGE_LOOP_ANALYSIS = YES;
				CLANG_WARN_STRICT_PROTOTYPES = YES;
				CLANG_WARN_SUSPICIOUS_MOVE = YES;
				CLANG_WARN_UNGUARDED_AVAILABILITY = YES_AGGRESSIVE;
				CLANG_WARN_UNREACHABLE_CODE = YES;
				CLANG_WARN__DUPLICATE_METHOD_MATCH = YES;
				COPY_PHASE_STRIP = NO;
				DEBUG_INFORMATION_FORMAT = dwarf;
				ENABLE_STRICT_OBJC_MSGSEND = YES;
				ENABLE_TESTABILITY = YES;
				GCC_C_LANGUAGE_STANDARD = gnu11;
				GCC_DYNAMIC_NO_PIC = NO;
				GCC_NO_COMMON_BLOCKS = YES;
				GCC_OPTIMIZATION_LEVEL = 0;
				GCC_PREPROCESSOR_DEFINITIONS = (
					"DEBUG=1",
					"$(inherited)",
				);
				GCC_WARN_64_TO_32_BIT_CONVERSION = YES;
				GCC_WARN_ABOUT_RETURN_TYPE = YES_ERROR;
				GCC_WARN_UNDECLARED_SELECTOR = YES;
				GCC_WARN_UNINITIALIZED_AUTOS = YES_AGGRESSIVE;
				GCC_WARN_UNUSED_FUNCTION = YES;
				GCC_WARN_UNUSED_VARIABLE = YES;
				IPHONEOS_DEPLOYMENT_TARGET = 13.7;
				MTL_ENABLE_DEBUG_INFO = INCLUDE_SOURCE;
				MTL_FAST_MATH = YES;
				ONLY_ACTIVE_ARCH = YES;
				SDKROOT = iphoneos;
				SWIFT_ACTIVE_COMPILATION_CONDITIONS = DEBUG;
				SWIFT_OPTIMIZATION_LEVEL = "-Onone";
			};
			name = Debug;
		};
		FD974F1B2511225F006383D6 /* Release */ = {
			isa = XCBuildConfiguration;
			buildSettings = {
				ALWAYS_SEARCH_USER_PATHS = NO;
				CLANG_ANALYZER_NONNULL = YES;
				CLANG_ANALYZER_NUMBER_OBJECT_CONVERSION = YES_AGGRESSIVE;
				CLANG_CXX_LANGUAGE_STANDARD = "gnu++14";
				CLANG_CXX_LIBRARY = "libc++";
				CLANG_ENABLE_MODULES = YES;
				CLANG_ENABLE_OBJC_ARC = YES;
				CLANG_ENABLE_OBJC_WEAK = YES;
				CLANG_WARN_BLOCK_CAPTURE_AUTORELEASING = YES;
				CLANG_WARN_BOOL_CONVERSION = YES;
				CLANG_WARN_COMMA = YES;
				CLANG_WARN_CONSTANT_CONVERSION = YES;
				CLANG_WARN_DEPRECATED_OBJC_IMPLEMENTATIONS = YES;
				CLANG_WARN_DIRECT_OBJC_ISA_USAGE = YES_ERROR;
				CLANG_WARN_DOCUMENTATION_COMMENTS = YES;
				CLANG_WARN_EMPTY_BODY = YES;
				CLANG_WARN_ENUM_CONVERSION = YES;
				CLANG_WARN_INFINITE_RECURSION = YES;
				CLANG_WARN_INT_CONVERSION = YES;
				CLANG_WARN_NON_LITERAL_NULL_CONVERSION = YES;
				CLANG_WARN_OBJC_IMPLICIT_RETAIN_SELF = YES;
				CLANG_WARN_OBJC_LITERAL_CONVERSION = YES;
				CLANG_WARN_OBJC_ROOT_CLASS = YES_ERROR;
				CLANG_WARN_RANGE_LOOP_ANALYSIS = YES;
				CLANG_WARN_STRICT_PROTOTYPES = YES;
				CLANG_WARN_SUSPICIOUS_MOVE = YES;
				CLANG_WARN_UNGUARDED_AVAILABILITY = YES_AGGRESSIVE;
				CLANG_WARN_UNREACHABLE_CODE = YES;
				CLANG_WARN__DUPLICATE_METHOD_MATCH = YES;
				COPY_PHASE_STRIP = NO;
				DEBUG_INFORMATION_FORMAT = "dwarf-with-dsym";
				ENABLE_NS_ASSERTIONS = NO;
				ENABLE_STRICT_OBJC_MSGSEND = YES;
				GCC_C_LANGUAGE_STANDARD = gnu11;
				GCC_NO_COMMON_BLOCKS = YES;
				GCC_WARN_64_TO_32_BIT_CONVERSION = YES;
				GCC_WARN_ABOUT_RETURN_TYPE = YES_ERROR;
				GCC_WARN_UNDECLARED_SELECTOR = YES;
				GCC_WARN_UNINITIALIZED_AUTOS = YES_AGGRESSIVE;
				GCC_WARN_UNUSED_FUNCTION = YES;
				GCC_WARN_UNUSED_VARIABLE = YES;
				IPHONEOS_DEPLOYMENT_TARGET = 13.7;
				MTL_ENABLE_DEBUG_INFO = NO;
				MTL_FAST_MATH = YES;
				SDKROOT = iphoneos;
				SWIFT_COMPILATION_MODE = wholemodule;
				SWIFT_OPTIMIZATION_LEVEL = "-O";
				VALIDATE_PRODUCT = YES;
			};
			name = Release;
		};
		FD974F1D2511225F006383D6 /* Debug */ = {
			isa = XCBuildConfiguration;
			buildSettings = {
				ASSETCATALOG_COMPILER_APPICON_NAME = AppIcon;
				CODE_SIGN_STYLE = Automatic;
				DEVELOPMENT_TEAM = 39H32J778A;
				INFOPLIST_FILE = RiversideIOS/Info.plist;
				LD_RUNPATH_SEARCH_PATHS = (
					"$(inherited)",
					"@executable_path/Frameworks",
				);
				PRODUCT_BUNDLE_IDENTIFIER = ButlerEpics2020.RiversideIOS;
				PRODUCT_NAME = "$(TARGET_NAME)";
				SWIFT_VERSION = 5.0;
				TARGETED_DEVICE_FAMILY = "1,2";
			};
			name = Debug;
		};
		FD974F1E2511225F006383D6 /* Release */ = {
			isa = XCBuildConfiguration;
			buildSettings = {
				ASSETCATALOG_COMPILER_APPICON_NAME = AppIcon;
				CODE_SIGN_STYLE = Automatic;
				DEVELOPMENT_TEAM = 39H32J778A;
				INFOPLIST_FILE = RiversideIOS/Info.plist;
				LD_RUNPATH_SEARCH_PATHS = (
					"$(inherited)",
					"@executable_path/Frameworks",
				);
				PRODUCT_BUNDLE_IDENTIFIER = ButlerEpics2020.RiversideIOS;
				PRODUCT_NAME = "$(TARGET_NAME)";
				SWIFT_VERSION = 5.0;
				TARGETED_DEVICE_FAMILY = "1,2";
			};
			name = Release;
		};
		FD974F202511225F006383D6 /* Debug */ = {
			isa = XCBuildConfiguration;
			buildSettings = {
				ALWAYS_EMBED_SWIFT_STANDARD_LIBRARIES = YES;
				BUNDLE_LOADER = "$(TEST_HOST)";
				CODE_SIGN_STYLE = Automatic;
				DEVELOPMENT_TEAM = 39H32J778A;
				INFOPLIST_FILE = RiversideIOSTests/Info.plist;
				IPHONEOS_DEPLOYMENT_TARGET = 13.7;
				LD_RUNPATH_SEARCH_PATHS = (
					"$(inherited)",
					"@executable_path/Frameworks",
					"@loader_path/Frameworks",
				);
				PRODUCT_BUNDLE_IDENTIFIER = ButlerEpics2020.RiversideIOSTests;
				PRODUCT_NAME = "$(TARGET_NAME)";
				SWIFT_VERSION = 5.0;
				TARGETED_DEVICE_FAMILY = "1,2";
				TEST_HOST = "$(BUILT_PRODUCTS_DIR)/RiversideIOS.app/RiversideIOS";
			};
			name = Debug;
		};
		FD974F212511225F006383D6 /* Release */ = {
			isa = XCBuildConfiguration;
			buildSettings = {
				ALWAYS_EMBED_SWIFT_STANDARD_LIBRARIES = YES;
				BUNDLE_LOADER = "$(TEST_HOST)";
				CODE_SIGN_STYLE = Automatic;
				DEVELOPMENT_TEAM = 39H32J778A;
				INFOPLIST_FILE = RiversideIOSTests/Info.plist;
				IPHONEOS_DEPLOYMENT_TARGET = 13.7;
				LD_RUNPATH_SEARCH_PATHS = (
					"$(inherited)",
					"@executable_path/Frameworks",
					"@loader_path/Frameworks",
				);
				PRODUCT_BUNDLE_IDENTIFIER = ButlerEpics2020.RiversideIOSTests;
				PRODUCT_NAME = "$(TARGET_NAME)";
				SWIFT_VERSION = 5.0;
				TARGETED_DEVICE_FAMILY = "1,2";
				TEST_HOST = "$(BUILT_PRODUCTS_DIR)/RiversideIOS.app/RiversideIOS";
			};
			name = Release;
		};
		FD974F232511225F006383D6 /* Debug */ = {
			isa = XCBuildConfiguration;
			buildSettings = {
				ALWAYS_EMBED_SWIFT_STANDARD_LIBRARIES = YES;
				CODE_SIGN_STYLE = Automatic;
				DEVELOPMENT_TEAM = 39H32J778A;
				INFOPLIST_FILE = RiversideIOSUITests/Info.plist;
				LD_RUNPATH_SEARCH_PATHS = (
					"$(inherited)",
					"@executable_path/Frameworks",
					"@loader_path/Frameworks",
				);
				PRODUCT_BUNDLE_IDENTIFIER = ButlerEpics2020.RiversideIOSUITests;
				PRODUCT_NAME = "$(TARGET_NAME)";
				SWIFT_VERSION = 5.0;
				TARGETED_DEVICE_FAMILY = "1,2";
				TEST_TARGET_NAME = RiversideIOS;
			};
			name = Debug;
		};
		FD974F242511225F006383D6 /* Release */ = {
			isa = XCBuildConfiguration;
			buildSettings = {
				ALWAYS_EMBED_SWIFT_STANDARD_LIBRARIES = YES;
				CODE_SIGN_STYLE = Automatic;
				DEVELOPMENT_TEAM = 39H32J778A;
				INFOPLIST_FILE = RiversideIOSUITests/Info.plist;
				LD_RUNPATH_SEARCH_PATHS = (
					"$(inherited)",
					"@executable_path/Frameworks",
					"@loader_path/Frameworks",
				);
				PRODUCT_BUNDLE_IDENTIFIER = ButlerEpics2020.RiversideIOSUITests;
				PRODUCT_NAME = "$(TARGET_NAME)";
				SWIFT_VERSION = 5.0;
				TARGETED_DEVICE_FAMILY = "1,2";
				TEST_TARGET_NAME = RiversideIOS;
			};
			name = Release;
		};
/* End XCBuildConfiguration section */

/* Begin XCConfigurationList section */
		FD974EEA2511225D006383D6 /* Build configuration list for PBXProject "RiversideIOS" */ = {
			isa = XCConfigurationList;
			buildConfigurations = (
				FD974F1A2511225F006383D6 /* Debug */,
				FD974F1B2511225F006383D6 /* Release */,
			);
			defaultConfigurationIsVisible = 0;
			defaultConfigurationName = Release;
		};
		FD974F1C2511225F006383D6 /* Build configuration list for PBXNativeTarget "RiversideIOS" */ = {
			isa = XCConfigurationList;
			buildConfigurations = (
				FD974F1D2511225F006383D6 /* Debug */,
				FD974F1E2511225F006383D6 /* Release */,
			);
			defaultConfigurationIsVisible = 0;
			defaultConfigurationName = Release;
		};
		FD974F1F2511225F006383D6 /* Build configuration list for PBXNativeTarget "RiversideIOSTests" */ = {
			isa = XCConfigurationList;
			buildConfigurations = (
				FD974F202511225F006383D6 /* Debug */,
				FD974F212511225F006383D6 /* Release */,
			);
			defaultConfigurationIsVisible = 0;
			defaultConfigurationName = Release;
		};
		FD974F222511225F006383D6 /* Build configuration list for PBXNativeTarget "RiversideIOSUITests" */ = {
			isa = XCConfigurationList;
			buildConfigurations = (
				FD974F232511225F006383D6 /* Debug */,
				FD974F242511225F006383D6 /* Release */,
			);
			defaultConfigurationIsVisible = 0;
			defaultConfigurationName = Release;
		};
/* End XCConfigurationList section */

/* Begin XCVersionGroup section */
		FD974EFB2511225D006383D6 /* RiversideIOS.xcdatamodeld */ = {
			isa = XCVersionGroup;
			children = (
				FD974EFC2511225D006383D6 /* RiversideIOS.xcdatamodel */,
			);
			currentVersion = FD974EFC2511225D006383D6 /* RiversideIOS.xcdatamodel */;
			path = RiversideIOS.xcdatamodeld;
			sourceTree = "<group>";
			versionGroupType = wrapper.xcdatamodel;
		};
/* End XCVersionGroup section */
	};
	rootObject = FD974EE72511225D006383D6 /* Project object */;
}
